#
# This file is autogenerated by pip-compile with python 3.8
# To update, run:
#
#    pip-compile --output-file=/Users/M267492/Repository/kedro-tf-utils/src/requirements.lock /Users/M267492/Repository/kedro-tf-utils/src/requirements.txt
#
absl-py==1.0.0
    # via
    #   tensorboard
    #   tensorflow
anyconfig==0.10.1
    # via kedro
anyio==3.6.1
    # via jupyter-server
appnope==0.1.3
    # via
    #   ipykernel
    #   ipython
argon2-cffi==21.3.0
    # via
    #   jupyter-server
    #   notebook
argon2-cffi-bindings==21.2.0
    # via argon2-cffi
arrow==1.2.2
    # via jinja2-time
astunparse==1.6.3
    # via tensorflow
attrs==21.4.0
    # via
    #   eli5
    #   jsonschema
    #   pytest
babel==2.10.1
    # via jupyterlab-server
backcall==0.2.0
    # via ipython
bcrypt==3.2.2
    # via paramiko
beautifulsoup4==4.11.1
    # via nbconvert
binaryornot==0.4.4
    # via cookiecutter
black==22.3.0
    # via -r /Users/M267492/Repository/kedro-tf-utils/src/requirements.txt
bleach==5.0.0
    # via nbconvert
cachetools==4.2.4
    # via
    #   google-auth
    #   kedro
category-encoders==2.4.1
    # via deeptables
certifi==2022.5.18.1
    # via requests
cffi==1.15.0
    # via
    #   argon2-cffi-bindings
    #   bcrypt
    #   cryptography
    #   pynacl
chardet==4.0.0
    # via binaryornot
charset-normalizer==2.0.12
    # via requests
click==8.1.3
    # via
    #   black
    #   cookiecutter
    #   distributed
    #   featuretools
    #   kedro
    #   pip-tools
cloudpickle==2.1.0
    # via
    #   dask
    #   distributed
    #   featuretools
convertdate==2.4.0
    # via holidays
cookiecutter==1.7.3
    # via kedro
coverage[toml]==6.3.3
    # via pytest-cov
cryptography==37.0.2
    # via paramiko
cycler==0.11.0
    # via matplotlib
dask[dataframe]==2022.5.1
    # via
    #   distributed
    #   featuretools
debugpy==1.6.0
    # via ipykernel
decorator==5.1.1
    # via ipython
deeptables==0.2.3.1
    # via -r /Users/M267492/Repository/kedro-tf-utils/src/requirements.txt
defusedxml==0.7.1
    # via nbconvert
distributed==2022.5.1
    # via featuretools
dynaconf==3.1.8
    # via kedro
eli5==0.13.0
    # via deeptables
entrypoints==0.4
    # via
    #   jupyter-client
    #   nbconvert
fastjsonschema==2.15.3
    # via nbformat
featuretools==1.9.0
    # via hypernets
flake8==3.9.2
    # via -r /Users/M267492/Repository/kedro-tf-utils/src/requirements.txt
flatbuffers==1.12
    # via tensorflow
fonttools==4.33.3
    # via matplotlib
fsspec==2022.1.0
    # via
    #   dask
    #   hypernets
    #   kedro
gast==0.4.0
    # via tensorflow
gitdb==4.0.9
    # via gitpython
gitpython==3.1.27
    # via kedro
google-auth==2.6.6
    # via
    #   google-auth-oauthlib
    #   tensorboard
google-auth-oauthlib==0.4.6
    # via tensorboard
google-pasta==0.2.0
    # via tensorflow
graphviz==0.20
    # via eli5
grpcio==1.46.3
    # via
    #   tensorboard
    #   tensorflow
h5py==2.10.0
    # via
    #   deeptables
    #   tensorflow
heapdict==1.0.1
    # via zict
hijri-converter==2.2.4
    # via holidays
holidays==0.13
    # via featuretools
hypernets==0.2.5.1
    # via deeptables
idna==3.3
    # via
    #   anyio
    #   requests
importlib-metadata==4.11.3
    # via
    #   jupyterlab-server
    #   markdown
importlib-resources==5.7.1
    # via jsonschema
iniconfig==1.1.1
    # via pytest
ipykernel==6.13.0
    # via
    #   ipywidgets
    #   jupyter
    #   jupyter-console
    #   notebook
    #   qtconsole
ipython==7.33.0
    # via
    #   -r /Users/M267492/Repository/kedro-tf-utils/src/requirements.txt
    #   hypernets
    #   ipykernel
    #   ipywidgets
    #   jupyter-console
    #   jupyterlab
ipython-genutils==0.2.0
    # via
    #   ipywidgets
    #   notebook
    #   qtconsole
ipywidgets==7.7.0
    # via jupyter
isort==5.10.1
    # via -r /Users/M267492/Repository/kedro-tf-utils/src/requirements.txt
jedi==0.18.1
    # via ipython
jinja2==3.1.2
    # via
    #   cookiecutter
    #   distributed
    #   eli5
    #   jinja2-time
    #   jupyter-server
    #   jupyterlab
    #   jupyterlab-server
    #   nbconvert
    #   notebook
jinja2-time==0.2.0
    # via cookiecutter
jmespath==0.10.0
    # via kedro
joblib==1.1.0
    # via
    #   hypernets
    #   scikit-learn
json5==0.9.8
    # via jupyterlab-server
jsonschema==4.5.1
    # via
    #   jupyterlab-server
    #   nbformat
jupyter==1.0.0
    # via -r /Users/M267492/Repository/kedro-tf-utils/src/requirements.txt
jupyter-client==7.3.1
    # via
    #   ipykernel
    #   jupyter-console
    #   jupyter-server
    #   nbclient
    #   notebook
    #   qtconsole
jupyter-console==6.4.3
    # via jupyter
jupyter-core==4.10.0
    # via
    #   jupyter-client
    #   jupyter-server
    #   jupyterlab
    #   nbconvert
    #   nbformat
    #   notebook
    #   qtconsole
jupyter-server==1.17.0
    # via
    #   jupyterlab
    #   jupyterlab-server
    #   nbclassic
    #   notebook-shim
jupyterlab==3.4.2
    # via -r /Users/M267492/Repository/kedro-tf-utils/src/requirements.txt
jupyterlab-pygments==0.2.2
    # via nbconvert
jupyterlab-server==2.14.0
    # via jupyterlab
jupyterlab-widgets==1.1.0
    # via ipywidgets
kedro==0.18.1
    # via -r /Users/M267492/Repository/kedro-tf-utils/src/requirements.txt
keras==2.8.0
    # via tensorflow
keras-preprocessing==1.1.2
    # via tensorflow
kiwisolver==1.4.2
    # via matplotlib
korean-lunar-calendar==0.2.1
    # via holidays
libclang==14.0.1
    # via tensorflow
lightgbm==3.3.2
    # via
    #   deeptables
    #   hypernets
locket==1.0.0
    # via
    #   distributed
    #   partd
markdown==3.3.7
    # via tensorboard
markupsafe==2.1.1
    # via
    #   jinja2
    #   nbconvert
matplotlib==3.5.2
    # via seaborn
matplotlib-inline==0.1.3
    # via
    #   ipykernel
    #   ipython
mccabe==0.6.1
    # via flake8
mistune==0.8.4
    # via nbconvert
msgpack==1.0.3
    # via distributed
mypy-extensions==0.4.3
    # via black
nbclassic==0.3.7
    # via jupyterlab
nbclient==0.6.3
    # via nbconvert
nbconvert==6.5.0
    # via
    #   jupyter
    #   jupyter-server
    #   notebook
nbformat==5.4.0
    # via
    #   ipywidgets
    #   jupyter-server
    #   nbclient
    #   nbconvert
    #   nbstripout
    #   notebook
nbstripout==0.5.0
    # via -r /Users/M267492/Repository/kedro-tf-utils/src/requirements.txt
nest-asyncio==1.5.5
    # via
    #   ipykernel
    #   jupyter-client
    #   nbclient
    #   notebook
notebook==6.4.11
    # via
    #   jupyter
    #   nbclassic
    #   widgetsnbextension
notebook-shim==0.1.0
    # via nbclassic
numpy==1.22.4
    # via
    #   category-encoders
    #   dask
    #   deeptables
    #   eli5
    #   featuretools
    #   h5py
    #   hypernets
    #   keras-preprocessing
    #   lightgbm
    #   matplotlib
    #   opt-einsum
    #   pandas
    #   patsy
    #   pyarrow
    #   scikit-learn
    #   scipy
    #   seaborn
    #   statsmodels
    #   tensorboard
    #   tensorflow
oauthlib==3.2.0
    # via requests-oauthlib
opt-einsum==3.3.0
    # via tensorflow
packaging==21.3
    # via
    #   dask
    #   deeptables
    #   distributed
    #   ipykernel
    #   jupyter-server
    #   jupyterlab
    #   jupyterlab-server
    #   matplotlib
    #   nbconvert
    #   pytest
    #   qtpy
    #   statsmodels
pandas==1.4.1
    # via
    #   -r /Users/M267492/Repository/kedro-tf-utils/src/requirements.txt
    #   category-encoders
    #   dask
    #   deeptables
    #   featuretools
    #   hypernets
    #   seaborn
    #   statsmodels
    #   woodwork
pandocfilters==1.5.0
    # via nbconvert
paramiko==2.11.0
    # via hypernets
parso==0.8.3
    # via jedi
partd==1.2.0
    # via dask
pathspec==0.9.0
    # via black
patsy==0.5.2
    # via
    #   category-encoders
    #   statsmodels
pep517==0.12.0
    # via pip-tools
pexpect==4.8.0
    # via ipython
pickleshare==0.7.5
    # via ipython
pillow==9.1.1
    # via matplotlib
pip-tools==6.6.1
    # via kedro
platformdirs==2.5.2
    # via black
pluggy==1.0.0
    # via
    #   kedro
    #   pytest
poyo==0.5.0
    # via cookiecutter
prettytable==3.3.0
    # via hypernets
prometheus-client==0.14.1
    # via
    #   jupyter-server
    #   notebook
prompt-toolkit==3.0.29
    # via
    #   ipython
    #   jupyter-console
protobuf==3.20.1
    # via
    #   tensorboard
    #   tensorflow
psutil==5.9.1
    # via
    #   distributed
    #   featuretools
    #   hypernets
    #   ipykernel
ptyprocess==0.7.0
    # via
    #   pexpect
    #   terminado
py==1.11.0
    # via pytest
pyarrow==8.0.0
    # via hypernets
pyasn1==0.4.8
    # via
    #   pyasn1-modules
    #   rsa
pyasn1-modules==0.2.8
    # via google-auth
pycodestyle==2.7.0
    # via flake8
pycparser==2.21
    # via cffi
pyflakes==2.3.1
    # via flake8
pygments==2.12.0
    # via
    #   ipython
    #   jupyter-console
    #   nbconvert
    #   qtconsole
pymeeus==0.5.11
    # via convertdate
pynacl==1.5.0
    # via paramiko
pyparsing==3.0.9
    # via
    #   matplotlib
    #   packaging
pyrsistent==0.18.1
    # via jsonschema
pytest==6.2.5
    # via
    #   -r /Users/M267492/Repository/kedro-tf-utils/src/requirements.txt
    #   pytest-cov
    #   pytest-mock
pytest-cov==3.0.0
    # via -r /Users/M267492/Repository/kedro-tf-utils/src/requirements.txt
pytest-mock==1.13.0
    # via -r /Users/M267492/Repository/kedro-tf-utils/src/requirements.txt
python-dateutil==2.8.2
    # via
    #   arrow
    #   holidays
    #   jupyter-client
    #   matplotlib
    #   pandas
    #   woodwork
python-geohash==0.8.5
    # via hypernets
python-json-logger==2.0.2
    # via kedro
python-slugify==6.1.2
    # via cookiecutter
pytz==2022.1
    # via
    #   babel
    #   pandas
pyyaml==5.4.1
    # via
    #   dask
    #   distributed
    #   hypernets
    #   kedro
pyzmq==23.0.0
    # via
    #   jupyter-client
    #   jupyter-server
    #   notebook
    #   qtconsole
qtconsole==5.3.0
    # via jupyter
qtpy==2.1.0
    # via qtconsole
requests==2.27.1
    # via
    #   cookiecutter
    #   hypernets
    #   jupyterlab-server
    #   requests-oauthlib
    #   tensorboard
requests-oauthlib==1.3.1
    # via google-auth-oauthlib
rope==0.21.1
    # via kedro
rsa==4.8
    # via google-auth
scikit-learn==1.1.1
    # via
    #   category-encoders
    #   deeptables
    #   eli5
    #   hypernets
    #   lightgbm
    #   woodwork
scipy==1.8.1
    # via
    #   category-encoders
    #   deeptables
    #   eli5
    #   featuretools
    #   hypernets
    #   lightgbm
    #   scikit-learn
    #   seaborn
    #   statsmodels
seaborn==0.11.2
    # via hypernets
send2trash==1.8.0
    # via
    #   jupyter-server
    #   notebook
six==1.16.0
    # via
    #   absl-py
    #   astunparse
    #   bleach
    #   cookiecutter
    #   eli5
    #   google-auth
    #   google-pasta
    #   grpcio
    #   h5py
    #   keras-preprocessing
    #   paramiko
    #   patsy
    #   python-dateutil
    #   tensorflow
smmap==5.0.0
    # via gitdb
sniffio==1.2.0
    # via anyio
sortedcontainers==2.4.0
    # via distributed
soupsieve==2.3.2.post1
    # via beautifulsoup4
statsmodels==0.13.2
    # via category-encoders
tabulate==0.8.9
    # via eli5
tblib==1.7.0
    # via distributed
tensorboard==2.8.0
    # via tensorflow
tensorboard-data-server==0.6.1
    # via tensorboard
tensorboard-plugin-wit==1.8.1
    # via tensorboard
tensorflow==2.8.0
    # via -r /Users/M267492/Repository/kedro-tf-utils/src/requirements.txt
tensorflow-io-gcs-filesystem==0.26.0
    # via tensorflow
termcolor==1.1.0
    # via tensorflow
terminado==0.15.0
    # via
    #   jupyter-server
    #   notebook
text-unidecode==1.3
    # via python-slugify
tf-estimator-nightly==2.8.0.dev2021122109
    # via tensorflow
threadpoolctl==3.1.0
    # via scikit-learn
tinycss2==1.1.1
    # via nbconvert
toml==0.10.2
    # via
    #   kedro
    #   pytest
tomli==2.0.1
    # via
    #   black
    #   coverage
    #   pep517
toolz==0.11.2
    # via
    #   dask
    #   distributed
    #   partd
toposort==1.7
    # via kedro
tornado==6.1
    # via
    #   distributed
    #   hypernets
    #   ipykernel
    #   jupyter-client
    #   jupyter-server
    #   jupyterlab
    #   notebook
    #   terminado
tqdm==4.64.0
    # via featuretools
traitlets==5.2.1.post0
    # via
    #   hypernets
    #   ipykernel
    #   ipython
    #   ipywidgets
    #   jupyter-client
    #   jupyter-core
    #   jupyter-server
    #   matplotlib-inline
    #   nbclient
    #   nbconvert
    #   nbformat
    #   notebook
    #   qtconsole
typing-extensions==4.2.0
    # via
    #   black
    #   tensorflow
urllib3==1.26.9
    # via
    #   distributed
    #   requests
wcwidth==0.2.5
    # via
    #   prettytable
    #   prompt-toolkit
webencodings==0.5.1
    # via
    #   bleach
    #   tinycss2
websocket-client==1.3.2
    # via jupyter-server
werkzeug==2.1.2
    # via tensorboard
wheel==0.37.1
    # via
    #   astunparse
    #   lightgbm
    #   pip-tools
    #   tensorboard
widgetsnbextension==3.6.0
    # via ipywidgets
woodwork==0.16.3
    # via featuretools
wrapt==1.14.1
    # via tensorflow
xlsxwriter==3.0.3
    # via hypernets
zict==2.2.0
    # via distributed
zipp==3.8.0
    # via
    #   importlib-metadata
    #   importlib-resources

# The following packages are considered to be unsafe in a requirements file:
# pip
# setuptools
